// !$*UTF8*$!
{
	archiveVersion = 1;
	classes = {
	};
	objectVersion = 50;
	objects = {

/* Begin PBXBuildFile section */
		C62FD12920FB318C00AA9170 /* AppDelegate.swift in Sources */ = {isa = PBXBuildFile; fileRef = C62FD12820FB318C00AA9170 /* AppDelegate.swift */; };
		C62FD12B20FB318C00AA9170 /* ViewController.swift in Sources */ = {isa = PBXBuildFile; fileRef = C62FD12A20FB318C00AA9170 /* ViewController.swift */; };
		C62FD12E20FB318C00AA9170 /* Main.storyboard in Resources */ = {isa = PBXBuildFile; fileRef = C62FD12C20FB318C00AA9170 /* Main.storyboard */; };
		C62FD13020FB318D00AA9170 /* Assets.xcassets in Resources */ = {isa = PBXBuildFile; fileRef = C62FD12F20FB318D00AA9170 /* Assets.xcassets */; };
		C62FD13320FB318D00AA9170 /* LaunchScreen.storyboard in Resources */ = {isa = PBXBuildFile; fileRef = C62FD13120FB318D00AA9170 /* LaunchScreen.storyboard */; };
		C62FD13E20FB322C00AA9170 /* logIn.storyboard in Resources */ = {isa = PBXBuildFile; fileRef = C62FD13D20FB322C00AA9170 /* logIn.storyboard */; };
		C62FD14020FB327300AA9170 /* signIn.storyboard in Resources */ = {isa = PBXBuildFile; fileRef = C62FD13F20FB327300AA9170 /* signIn.storyboard */; };
/* End PBXBuildFile section */

/* Begin PBXFileReference section */
		C62FD12520FB318C00AA9170 /* gitHub.app */ = {isa = PBXFileReference; explicitFileType = wrapper.application; includeInIndex = 0; path = gitHub.app; sourceTree = BUILT_PRODUCTS_DIR; };
		C62FD12820FB318C00AA9170 /* AppDelegate.swift */ = {isa = PBXFileReference; lastKnownFileType = sourcecode.swift; path = AppDelegate.swift; sourceTree = "<group>"; };
		C62FD12A20FB318C00AA9170 /* ViewController.swift */ = {isa = PBXFileReference; lastKnownFileType = sourcecode.swift; path = ViewController.swift; sourceTree = "<group>"; };
		C62FD12D20FB318C00AA9170 /* Base */ = {isa = PBXFileReference; lastKnownFileType = file.storyboard; name = Base; path = Base.lproj/Main.storyboard; sourceTree = "<group>"; };
		C62FD12F20FB318D00AA9170 /* Assets.xcassets */ = {isa = PBXFileReference; lastKnownFileType = folder.assetcatalog; path = Assets.xcassets; sourceTree = "<group>"; };
		C62FD13220FB318D00AA9170 /* Base */ = {isa = PBXFileReference; lastKnownFileType = file.storyboard; name = Base; path = Base.lproj/LaunchScreen.storyboard; sourceTree = "<group>"; };
		C62FD13420FB318D00AA9170 /* Info.plist */ = {isa = PBXFileReference; lastKnownFileType = text.plist.xml; path = Info.plist; sourceTree = "<group>"; };
		C62FD13D20FB322C00AA9170 /* logIn.storyboard */ = {isa = PBXFileReference; lastKnownFileType = file.storyboard; path = logIn.storyboard; sourceTree = "<group>"; };
		C62FD13F20FB327300AA9170 /* signIn.storyboard */ = {isa = PBXFileReference; lastKnownFileType = file.storyboard; path = signIn.storyboard; sourceTree = "<group>"; };
/* End PBXFileReference section */

/* Begin PBXFrameworksBuildPhase section */
		C62FD12220FB318C00AA9170 /* Frameworks */ = {
			isa = PBXFrameworksBuildPhase;
			buildActionMask = 2147483647;
			files = (
			);
			runOnlyForDeploymentPostprocessing = 0;
		};
/* End PBXFrameworksBuildPhase section */

/* Begin PBXGroup section */
		C62FD11C20FB318C00AA9170 = {
			isa = PBXGroup;
			children = (
				C62FD12720FB318C00AA9170 /* gitHub */,
				C62FD12620FB318C00AA9170 /* Products */,
			);
			sourceTree = "<group>";
		};
		C62FD12620FB318C00AA9170 /* Products */ = {
			isa = PBXGroup;
			children = (
				C62FD12520FB318C00AA9170 /* gitHub.app */,
			);
			name = Products;
			sourceTree = "<group>";
		};
		C62FD12720FB318C00AA9170 /* gitHub */ = {
			isa = PBXGroup;
			children = (
				C62FD13C20FB31C400AA9170 /* view */,
				C62FD13A20FB319800AA9170 /* New Group */,
				C62FD13120FB318D00AA9170 /* LaunchScreen.storyboard */,
				C62FD12A20FB318C00AA9170 /* ViewController.swift */,
			);
			path = gitHub;
			sourceTree = "<group>";
		};
		C62FD13A20FB319800AA9170 /* New Group */ = {
			isa = PBXGroup;
			children = (
				C62FD12F20FB318D00AA9170 /* Assets.xcassets */,
				C62FD12820FB318C00AA9170 /* AppDelegate.swift */,
				C62FD13420FB318D00AA9170 /* Info.plist */,
			);
			path = "New Group";
			sourceTree = "<group>";
		};
		C62FD13C20FB31C400AA9170 /* view */ = {
			isa = PBXGroup;
			children = (
				C62FD12C20FB318C00AA9170 /* Main.storyboard */,
				C62FD13D20FB322C00AA9170 /* logIn.storyboard */,
				C62FD13F20FB327300AA9170 /* signIn.storyboard */,
			);
			path = view;
			sourceTree = "<group>";
		};
/* End PBXGroup section */

/* Begin PBXNativeTarget section */
		C62FD12420FB318C00AA9170 /* gitHub */ = {
			isa = PBXNativeTarget;
			buildConfigurationList = C62FD13720FB318D00AA9170 /* Build configuration list for PBXNativeTarget "gitHub" */;
			buildPhases = (
				C62FD12120FB318C00AA9170 /* Sources */,
				C62FD12220FB318C00AA9170 /* Frameworks */,
				C62FD12320FB318C00AA9170 /* Resources */,
			);
			buildRules = (
			);
			dependencies = (
			);
			name = gitHub;
			productName = gitHub;
			productReference = C62FD12520FB318C00AA9170 /* gitHub.app */;
			productType = "com.apple.product-type.application";
		};
/* End PBXNativeTarget section */

/* Begin PBXProject section */
		C62FD11D20FB318C00AA9170 /* Project object */ = {
			isa = PBXProject;
			attributes = {
				LastSwiftUpdateCheck = 0940;
				LastUpgradeCheck = 0940;
				ORGANIZATIONNAME = "Ghufran nour ";
				TargetAttributes = {
					C62FD12420FB318C00AA9170 = {
						CreatedOnToolsVersion = 9.4.1;
					};
				};
			};
			buildConfigurationList = C62FD12020FB318C00AA9170 /* Build configuration list for PBXProject "gitHub" */;
			compatibilityVersion = "Xcode 9.3";
			developmentRegion = en;
			hasScannedForEncodings = 0;
			knownRegions = (
				en,
				Base,
			);
			mainGroup = C62FD11C20FB318C00AA9170;
			productRefGroup = C62FD12620FB318C00AA9170 /* Products */;
			projectDirPath = "";
			projectRoot = "";
			targets = (
				C62FD12420FB318C00AA9170 /* gitHub */,
			);
		};
/* End PBXProject section */

/* Begin PBXResourcesBuildPhase section */
		C62FD12320FB318C00AA9170 /* Resources */ = {
			isa = PBXResourcesBuildPhase;
			buildActionMask = 2147483647;
			files = (
				C62FD13E20FB322C00AA9170 /* logIn.storyboard in Resources */,
				C62FD14020FB327300AA9170 /* signIn.storyboard in Resources */,
				C62FD13320FB318D00AA9170 /* LaunchScreen.storyboard in Resources */,
				C62FD13020FB318D00AA9170 /* Assets.xcassets in Resources */,
				C62FD12E20FB318C00AA9170 /* Main.storyboard in Resources */,
			);
			runOnlyForDeploymentPostprocessing = 0;
		};
/* End PBXResourcesBuildPhase section */

/* Begin PBXSourcesBuildPhase section */
		C62FD12120FB318C00AA9170 /* Sources */ = {
			isa = PBXSourcesBuildPhase;
			buildActionMask = 2147483647;
			files = (
				C62FD12B20FB318C00AA9170 /* ViewController.swift in Sources */,
				C62FD12920FB318C00AA9170 /* AppDelegate.swift in Sources */,
			);
			runOnlyForDeploymentPostprocessing = 0;
		};
/* End PBXSourcesBuildPhase section */

/* Begin PBXVariantGroup section */
		C62FD12C20FB318C00AA9170 /* Main.storyboard */ = {
			isa = PBXVariantGroup;
			children = (
				C62FD12D20FB318C00AA9170 /* Base */,
			);
			name = Main.storyboard;
			sourceTree = "<group>";
		};
		C62FD13120FB318D00AA9170 /* LaunchScreen.storyboard */ = {
			isa = PBXVariantGroup;
			children = (
				C62FD13220FB318D00AA9170 /* Base */,
			);
			name = LaunchScreen.storyboard;
			sourceTree = "<group>";
		};
/* End PBXVariantGroup section */

/* Begin XCBuildConfiguration section */
		C62FD13520FB318D00AA9170 /* Debug */ = {
			isa = XCBuildConfiguration;
			buildSettings = {
				ALWAYS_SEARCH_USER_PATHS = NO;
				CLANG_ANALYZER_NONNULL = YES;
				CLANG_ANALYZER_NUMBER_OBJECT_CONVERSION = YES_AGGRESSIVE;
				CLANG_CXX_LANGUAGE_STANDARD = "gnu++14";
				CLANG_CXX_LIBRARY = "libc++";
				CLANG_ENABLE_MODULES = YES;
				CLANG_ENABLE_OBJC_ARC = YES;
				CLANG_ENABLE_OBJC_WEAK = YES;
				CLANG_WARN_BLOCK_CAPTURE_AUTORELEASING = YES;
				CLANG_WARN_BOOL_CONVERSION = YES;
				CLANG_WARN_COMMA = YES;
				CLANG_WARN_CONSTANT_CONVERSION = YES;
				CLANG_WARN_DEPRECATED_OBJC_IMPLEMENTATIONS = YES;
				CLANG_WARN_DIRECT_OBJC_ISA_USAGE = YES_ERROR;
				CLANG_WARN_DOCUMENTATION_COMMENTS = YES;
				CLANG_WARN_EMPTY_BODY = YES;
				CLANG_WARN_ENUM_CONVERSION = YES;
				CLANG_WARN_INFINITE_RECURSION = YES;
				CLANG_WARN_INT_CONVERSION = YES;
				CLANG_WARN_NON_LITERAL_NULL_CONVERSION = YES;
				CLANG_WARN_OBJC_IMPLICIT_RETAIN_SELF = YES;
				CLANG_WARN_OBJC_LITERAL_CONVERSION = YES;
				CLANG_WARN_OBJC_ROOT_CLASS = YES_ERROR;
				CLANG_WARN_RANGE_LOOP_ANALYSIS = YES;
				CLANG_WARN_STRICT_PROTOTYPES = YES;
				CLANG_WARN_SUSPICIOUS_MOVE = YES;
				CLANG_WARN_UNGUARDED_AVAILABILITY = YES_AGGRESSIVE;
				CLANG_WARN_UNREACHABLE_CODE = YES;
				CLANG_WARN__DUPLICATE_METHOD_MATCH = YES;
				CODE_SIGN_IDENTITY = "iPhone Developer";
				COPY_PHASE_STRIP = NO;
				DEBUG_INFORMATION_FORMAT = dwarf;
				ENABLE_STRICT_OBJC_MSGSEND = YES;
				ENABLE_TESTABILITY = YES;
				GCC_C_LANGUAGE_STANDARD = gnu11;
				GCC_DYNAMIC_NO_PIC = NO;
				GCC_NO_COMMON_BLOCKS = YES;
				GCC_OPTIMIZATION_LEVEL = 0;
				GCC_PREPROCESSOR_DEFINITIONS = (
					"DEBUG=1",
					"$(inherited)",
				);
				GCC_WARN_64_TO_32_BIT_CONVERSION = YES;
				GCC_WARN_ABOUT_RETURN_TYPE = YES_ERROR;
				GCC_WARN_UNDECLARED_SELECTOR = YES;
				GCC_WARN_UNINITIALIZED_AUTOS = YES_AGGRESSIVE;
				GCC_WARN_UNUSED_FUNCTION = YES;
				GCC_WARN_UNUSED_VARIABLE = YES;
				IPHONEOS_DEPLOYMENT_TARGET = 11.4;
				MTL_ENABLE_DEBUG_INFO = YES;
				ONLY_ACTIVE_ARCH = YES;
				SDKROOT = iphoneos;
				SWIFT_ACTIVE_COMPILATION_CONDITIONS = DEBUG;
				SWIFT_OPTIMIZATION_LEVEL = "-Onone";
			};
			name = Debug;
		};
		C62FD13620FB318D00AA9170 /* Release */ = {
			isa = XCBuildConfiguration;
			buildSettings = {
				ALWAYS_SEARCH_USER_PATHS = NO;
				CLANG_ANALYZER_NONNULL = YES;
				CLANG_ANALYZER_NUMBER_OBJECT_CONVERSION = YES_AGGRESSIVE;
				CLANG_CXX_LANGUAGE_STANDARD = "gnu++14";
				CLANG_CXX_LIBRARY = "libc++";
				CLANG_ENABLE_MODULES = YES;
				CLANG_ENABLE_OBJC_ARC = YES;
				CLANG_ENABLE_OBJC_WEAK = YES;
				CLANG_WARN_BLOCK_CAPTURE_AUTORELEASING = YES;
				CLANG_WARN_BOOL_CONVERSION = YES;
				CLANG_WARN_COMMA = YES;
				CLANG_WARN_CONSTANT_CONVERSION = YES;
				CLANG_WARN_DEPRECATED_OBJC_IMPLEMENTATIONS = YES;
				CLANG_WARN_DIRECT_OBJC_ISA_USAGE = YES_ERROR;
				CLANG_WARN_DOCUMENTATION_COMMENTS = YES;
				CLANG_WARN_EMPTY_BODY = YES;
				CLANG_WARN_ENUM_CONVERSION = YES;
				CLANG_WARN_INFINITE_RECURSION = YES;
				CLANG_WARN_INT_CONVERSION = YES;
				CLANG_WARN_NON_LITERAL_NULL_CONVERSION = YES;
				CLANG_WARN_OBJC_IMPLICIT_RETAIN_SELF = YES;
				CLANG_WARN_OBJC_LITERAL_CONVERSION = YES;
				CLANG_WARN_OBJC_ROOT_CLASS = YES_ERROR;
				CLANG_WARN_RANGE_LOOP_ANALYSIS = YES;
				CLANG_WARN_STRICT_PROTOTYPES = YES;
				CLANG_WARN_SUSPICIOUS_MOVE = YES;
				CLANG_WARN_UNGUARDED_AVAILABILITY = YES_AGGRESSIVE;
				CLANG_WARN_UNREACHABLE_CODE = YES;
				CLANG_WARN__DUPLICATE_METHOD_MATCH = YES;
				CODE_SIGN_IDENTITY = "iPhone Developer";
				COPY_PHASE_STRIP = NO;
				DEBUG_INFORMATION_FORMAT = "dwarf-with-dsym";
				ENABLE_NS_ASSERTIONS = NO;
				ENABLE_STRICT_OBJC_MSGSEND = YES;
				GCC_C_LANGUAGE_STANDARD = gnu11;
				GCC_NO_COMMON_BLOCKS = YES;
				GCC_WARN_64_TO_32_BIT_CONVERSION = YES;
				GCC_WARN_ABOUT_RETURN_TYPE = YES_ERROR;
				GCC_WARN_UNDECLARED_SELECTOR = YES;
				GCC_WARN_UNINITIALIZED_AUTOS = YES_AGGRESSIVE;
				GCC_WARN_UNUSED_FUNCTION = YES;
				GCC_WARN_UNUSED_VARIABLE = YES;
				IPHONEOS_DEPLOYMENT_TARGET = 11.4;
				MTL_ENABLE_DEBUG_INFO = NO;
				SDKROOT = iphoneos;
				SWIFT_COMPILATION_MODE = wholemodule;
				SWIFT_OPTIMIZATION_LEVEL = "-O";
				VALIDATE_PRODUCT = YES;
			};
			name = Release;
		};
		C62FD13820FB318D00AA9170 /* Debug */ = {
			isa = XCBuildConfiguration;
			buildSettings = {
				ASSETCATALOG_COMPILER_APPICON_NAME = AppIcon;
				CODE_SIGN_STYLE = Automatic;
				INFOPLIST_FILE = gitHub/Info.plist;
				LD_RUNPATH_SEARCH_PATHS = (
					"$(inherited)",
					"@executable_path/Frameworks",
				);
				PRODUCT_BUNDLE_IDENTIFIER = Brohi.gitHub;
				PRODUCT_NAME = "$(TARGET_NAME)";
				SWIFT_VERSION = 4.0;
				TARGETED_DEVICE_FAMILY = "1,2";
			};
			name = Debug;
		};
		C62FD13920FB318D00AA9170 /* Release */ = {
			isa = XCBuildConfiguration;
			buildSettings = {
				ASSETCATALOG_COMPILER_APPICON_NAME = AppIcon;
				CODE_SIGN_STYLE = Automatic;
				INFOPLIST_FILE = gitHub/Info.plist;
				LD_RUNPATH_SEARCH_PATHS = (
					"$(inherited)",
					"@executable_path/Frameworks",
				);
				PRODUCT_BUNDLE_IDENTIFIER = Brohi.gitHub;
				PRODUCT_NAME = "$(TARGET_NAME)";
				SWIFT_VERSION = 4.0;
				TARGETED_DEVICE_FAMILY = "1,2";
			};
			name = Release;
		};
/* End XCBuildConfiguration section */

/* Begin XCConfigurationList section */
		C62FD12020FB318C00AA9170 /* Build configuration list for PBXProject "gitHub" */ = {
			isa = XCConfigurationList;
			buildConfigurations = (
				C62FD13520FB318D00AA9170 /* Debug */,
				C62FD13620FB318D00AA9170 /* Release */,
			);
			defaultConfigurationIsVisible = 0;
			defaultConfigurationName = Release;
		};
		C62FD13720FB318D00AA9170 /* Build configuration list for PBXNativeTarget "gitHub" */ = {
			isa = XCConfigurationList;
			buildConfigurations = (
				C62FD13820FB318D00AA9170 /* Debug */,
				C62FD13920FB318D00AA9170 /* Release */,
			);
			defaultConfigurationIsVisible = 0;
			defaultConfigurationName = Release;
		};
/* End XCConfigurationList section */
	};
	rootObject = C62FD11D20FB318C00AA9170 /* Project object */;
}
